// !$*UTF8*$!
{
	archiveVersion = 1;
	classes = {
	};
	objectVersion = 46;
	objects = {

/* Begin PBXBuildFile section */
		6C5F445C1E7F0328000FEA05 /* LabeledCell.swift in Sources */ = {isa = PBXBuildFile; fileRef = 6C5F445B1E7F0328000FEA05 /* LabeledCell.swift */; };
		6C5F44641E7F0F9C000FEA05 /* DayCell.swift in Sources */ = {isa = PBXBuildFile; fileRef = 6C5F44631E7F0F9C000FEA05 /* DayCell.swift */; };
		6C5F44681E7F12F3000FEA05 /* DaysViewDelegate.swift in Sources */ = {isa = PBXBuildFile; fileRef = 6C5F44671E7F12F3000FEA05 /* DaysViewDelegate.swift */; };
		6C5F446A1E7F1312000FEA05 /* DaysViewDataSource.swift in Sources */ = {isa = PBXBuildFile; fileRef = 6C5F44691E7F1312000FEA05 /* DaysViewDataSource.swift */; };
		6C5F446C1E7F15D5000FEA05 /* UIViewExtensions.swift in Sources */ = {isa = PBXBuildFile; fileRef = 6C5F446B1E7F15D5000FEA05 /* UIViewExtensions.swift */; };
		6C5F44711E7F1DC0000FEA05 /* WeekDaysViewDataSource.swift in Sources */ = {isa = PBXBuildFile; fileRef = 6C5F446F1E7F1DC0000FEA05 /* WeekDaysViewDataSource.swift */; };
		6C5F44721E7F1DC0000FEA05 /* WeekDaysViewDelegate .swift in Sources */ = {isa = PBXBuildFile; fileRef = 6C5F44701E7F1DC0000FEA05 /* WeekDaysViewDelegate .swift */; };
		6C5F44771E7F1E55000FEA05 /* WeekDayCell.swift in Sources */ = {isa = PBXBuildFile; fileRef = 6C5F44761E7F1E55000FEA05 /* WeekDayCell.swift */; };
		6C6934351E7EFF3200CB58E4 /* DaysView.swift in Sources */ = {isa = PBXBuildFile; fileRef = 6C6934341E7EFF3200CB58E4 /* DaysView.swift */; };
		6C6934381E7EFF7C00CB58E4 /* WeekDaysView.swift in Sources */ = {isa = PBXBuildFile; fileRef = 6C6934371E7EFF7C00CB58E4 /* WeekDaysView.swift */; };
		6C69343A1E7EFF9200CB58E4 /* CalendarViewController.swift in Sources */ = {isa = PBXBuildFile; fileRef = 6C6934391E7EFF9200CB58E4 /* CalendarViewController.swift */; };
		6C69343C1E7EFFD600CB58E4 /* CalendarViewController.storyboard in Resources */ = {isa = PBXBuildFile; fileRef = 6C69343B1E7EFFD600CB58E4 /* CalendarViewController.storyboard */; };
		6CD4B9961E7FF216003B234C /* CalendarExtensions.swift in Sources */ = {isa = PBXBuildFile; fileRef = 6CD4B9951E7FF216003B234C /* CalendarExtensions.swift */; };
		6CD4B9981E80223F003B234C /* Flow.swift in Sources */ = {isa = PBXBuildFile; fileRef = 6CD4B9971E80223F003B234C /* Flow.swift */; };
		6CF15A5F1E7EEDB500C520E1 /* CalendarSwift.h in Headers */ = {isa = PBXBuildFile; fileRef = 6CF15A5D1E7EEDB500C520E1 /* CalendarSwift.h */; settings = {ATTRIBUTES = (Public, ); }; };
		6CF15A681E7EEE0C00C520E1 /* Cal.swift in Sources */ = {isa = PBXBuildFile; fileRef = 6CF15A671E7EEE0C00C520E1 /* Cal.swift */; };
		6CF15A6B1E7EEEF500C520E1 /* Month.swift in Sources */ = {isa = PBXBuildFile; fileRef = 6CF15A6A1E7EEEF500C520E1 /* Month.swift */; };
		6CF15A6D1E7EEF2D00C520E1 /* Week.swift in Sources */ = {isa = PBXBuildFile; fileRef = 6CF15A6C1E7EEF2D00C520E1 /* Week.swift */; };
		6CF15A6F1E7EEFB700C520E1 /* Day.swift in Sources */ = {isa = PBXBuildFile; fileRef = 6CF15A6E1E7EEFB700C520E1 /* Day.swift */; };
		6CF15A771E7EF02200C520E1 /* AppDelegate.swift in Sources */ = {isa = PBXBuildFile; fileRef = 6CF15A761E7EF02200C520E1 /* AppDelegate.swift */; };
		6CF15A7C1E7EF02200C520E1 /* Main.storyboard in Resources */ = {isa = PBXBuildFile; fileRef = 6CF15A7A1E7EF02200C520E1 /* Main.storyboard */; };
		6CF15A7E1E7EF02200C520E1 /* Assets.xcassets in Resources */ = {isa = PBXBuildFile; fileRef = 6CF15A7D1E7EF02200C520E1 /* Assets.xcassets */; };
		6CF15A811E7EF02200C520E1 /* LaunchScreen.storyboard in Resources */ = {isa = PBXBuildFile; fileRef = 6CF15A7F1E7EF02200C520E1 /* LaunchScreen.storyboard */; };
		6CF15A881E7EF03000C520E1 /* CalendarSwift.framework in Frameworks */ = {isa = PBXBuildFile; fileRef = 6CF15A5A1E7EEDB500C520E1 /* CalendarSwift.framework */; };
/* End PBXBuildFile section */

/* Begin PBXContainerItemProxy section */
		6CF15A861E7EF02C00C520E1 /* PBXContainerItemProxy */ = {
			isa = PBXContainerItemProxy;
			containerPortal = 6CF15A511E7EEDB500C520E1 /* Project object */;
			proxyType = 1;
			remoteGlobalIDString = 6CF15A591E7EEDB500C520E1;
			remoteInfo = CalendarSwift;
		};
/* End PBXContainerItemProxy section */

/* Begin PBXFileReference section */
		6C5F445B1E7F0328000FEA05 /* LabeledCell.swift */ = {isa = PBXFileReference; fileEncoding = 4; lastKnownFileType = sourcecode.swift; path = LabeledCell.swift; sourceTree = "<group>"; };
		6C5F44631E7F0F9C000FEA05 /* DayCell.swift */ = {isa = PBXFileReference; fileEncoding = 4; lastKnownFileType = sourcecode.swift; path = DayCell.swift; sourceTree = "<group>"; };
		6C5F44671E7F12F3000FEA05 /* DaysViewDelegate.swift */ = {isa = PBXFileReference; fileEncoding = 4; lastKnownFileType = sourcecode.swift; path = DaysViewDelegate.swift; sourceTree = "<group>"; };
		6C5F44691E7F1312000FEA05 /* DaysViewDataSource.swift */ = {isa = PBXFileReference; fileEncoding = 4; lastKnownFileType = sourcecode.swift; path = DaysViewDataSource.swift; sourceTree = "<group>"; };
		6C5F446B1E7F15D5000FEA05 /* UIViewExtensions.swift */ = {isa = PBXFileReference; fileEncoding = 4; lastKnownFileType = sourcecode.swift; path = UIViewExtensions.swift; sourceTree = "<group>"; };
		6C5F446F1E7F1DC0000FEA05 /* WeekDaysViewDataSource.swift */ = {isa = PBXFileReference; fileEncoding = 4; lastKnownFileType = sourcecode.swift; path = WeekDaysViewDataSource.swift; sourceTree = "<group>"; };
		6C5F44701E7F1DC0000FEA05 /* WeekDaysViewDelegate .swift */ = {isa = PBXFileReference; fileEncoding = 4; lastKnownFileType = sourcecode.swift; path = "WeekDaysViewDelegate .swift"; sourceTree = "<group>"; };
		6C5F44761E7F1E55000FEA05 /* WeekDayCell.swift */ = {isa = PBXFileReference; fileEncoding = 4; lastKnownFileType = sourcecode.swift; path = WeekDayCell.swift; sourceTree = "<group>"; };
		6C6934341E7EFF3200CB58E4 /* DaysView.swift */ = {isa = PBXFileReference; fileEncoding = 4; lastKnownFileType = sourcecode.swift; path = DaysView.swift; sourceTree = "<group>"; };
		6C6934371E7EFF7C00CB58E4 /* WeekDaysView.swift */ = {isa = PBXFileReference; fileEncoding = 4; lastKnownFileType = sourcecode.swift; path = WeekDaysView.swift; sourceTree = "<group>"; };
		6C6934391E7EFF9200CB58E4 /* CalendarViewController.swift */ = {isa = PBXFileReference; fileEncoding = 4; lastKnownFileType = sourcecode.swift; name = CalendarViewController.swift; path = CalendarSwift/CalendarViewController.swift; sourceTree = "<group>"; };
		6C69343B1E7EFFD600CB58E4 /* CalendarViewController.storyboard */ = {isa = PBXFileReference; fileEncoding = 4; lastKnownFileType = file.storyboard; name = CalendarViewController.storyboard; path = CalendarSwift/CalendarViewController.storyboard; sourceTree = "<group>"; };
		6CD4B9951E7FF216003B234C /* CalendarExtensions.swift */ = {isa = PBXFileReference; fileEncoding = 4; lastKnownFileType = sourcecode.swift; path = CalendarExtensions.swift; sourceTree = "<group>"; };
		6CD4B9971E80223F003B234C /* Flow.swift */ = {isa = PBXFileReference; fileEncoding = 4; lastKnownFileType = sourcecode.swift; path = Flow.swift; sourceTree = "<group>"; };
		6CF15A5A1E7EEDB500C520E1 /* CalendarSwift.framework */ = {isa = PBXFileReference; explicitFileType = wrapper.framework; includeInIndex = 0; path = CalendarSwift.framework; sourceTree = BUILT_PRODUCTS_DIR; };
		6CF15A5D1E7EEDB500C520E1 /* CalendarSwift.h */ = {isa = PBXFileReference; lastKnownFileType = sourcecode.c.h; path = CalendarSwift.h; sourceTree = "<group>"; };
		6CF15A5E1E7EEDB500C520E1 /* Info.plist */ = {isa = PBXFileReference; lastKnownFileType = text.plist.xml; path = Info.plist; sourceTree = "<group>"; };
		6CF15A671E7EEE0C00C520E1 /* Cal.swift */ = {isa = PBXFileReference; fileEncoding = 4; lastKnownFileType = sourcecode.swift; path = Cal.swift; sourceTree = "<group>"; };
		6CF15A6A1E7EEEF500C520E1 /* Month.swift */ = {isa = PBXFileReference; fileEncoding = 4; lastKnownFileType = sourcecode.swift; path = Month.swift; sourceTree = "<group>"; };
		6CF15A6C1E7EEF2D00C520E1 /* Week.swift */ = {isa = PBXFileReference; fileEncoding = 4; lastKnownFileType = sourcecode.swift; path = Week.swift; sourceTree = "<group>"; };
		6CF15A6E1E7EEFB700C520E1 /* Day.swift */ = {isa = PBXFileReference; fileEncoding = 4; lastKnownFileType = sourcecode.swift; path = Day.swift; sourceTree = "<group>"; };
		6CF15A741E7EF02200C520E1 /* Calendar iOS.app */ = {isa = PBXFileReference; explicitFileType = wrapper.application; includeInIndex = 0; path = "Calendar iOS.app"; sourceTree = BUILT_PRODUCTS_DIR; };
		6CF15A761E7EF02200C520E1 /* AppDelegate.swift */ = {isa = PBXFileReference; lastKnownFileType = sourcecode.swift; path = AppDelegate.swift; sourceTree = "<group>"; };
		6CF15A7B1E7EF02200C520E1 /* Base */ = {isa = PBXFileReference; lastKnownFileType = file.storyboard; name = Base; path = Base.lproj/Main.storyboard; sourceTree = "<group>"; };
		6CF15A7D1E7EF02200C520E1 /* Assets.xcassets */ = {isa = PBXFileReference; lastKnownFileType = folder.assetcatalog; path = Assets.xcassets; sourceTree = "<group>"; };
		6CF15A801E7EF02200C520E1 /* Base */ = {isa = PBXFileReference; lastKnownFileType = file.storyboard; name = Base; path = Base.lproj/LaunchScreen.storyboard; sourceTree = "<group>"; };
		6CF15A821E7EF02200C520E1 /* Info.plist */ = {isa = PBXFileReference; lastKnownFileType = text.plist.xml; path = Info.plist; sourceTree = "<group>"; };
		6CF15A891E7EF05700C520E1 /* CalendarSwift.playground */ = {isa = PBXFileReference; lastKnownFileType = file.playground; path = CalendarSwift.playground; sourceTree = "<group>"; };
/* End PBXFileReference section */

/* Begin PBXFrameworksBuildPhase section */
		6CF15A561E7EEDB500C520E1 /* Frameworks */ = {
			isa = PBXFrameworksBuildPhase;
			buildActionMask = 2147483647;
			files = (
			);
			runOnlyForDeploymentPostprocessing = 0;
		};
		6CF15A711E7EF02200C520E1 /* Frameworks */ = {
			isa = PBXFrameworksBuildPhase;
			buildActionMask = 2147483647;
			files = (
				6CF15A881E7EF03000C520E1 /* CalendarSwift.framework in Frameworks */,
			);
			runOnlyForDeploymentPostprocessing = 0;
		};
/* End PBXFrameworksBuildPhase section */

/* Begin PBXGroup section */
		6C5F445F1E7F07F8000FEA05 /* DayCell */ = {
			isa = PBXGroup;
			children = (
				6C5F44631E7F0F9C000FEA05 /* DayCell.swift */,
			);
			name = DayCell;
			sourceTree = "<group>";
		};
		6C5F44601E7F0F32000FEA05 /* DaysView */ = {
			isa = PBXGroup;
			children = (
				6C5F44731E7F1E37000FEA05 /* Protocols */,
				6C5F445F1E7F07F8000FEA05 /* DayCell */,
				6C6934341E7EFF3200CB58E4 /* DaysView.swift */,
			);
			name = DaysView;
			sourceTree = "<group>";
		};
		6C5F44611E7F0F39000FEA05 /* WeekDaysView */ = {
			isa = PBXGroup;
			children = (
				6C5F44751E7F1E44000FEA05 /* WeekDayCell */,
				6C5F44741E7F1E3D000FEA05 /* Protocols */,
				6C6934371E7EFF7C00CB58E4 /* WeekDaysView.swift */,
			);
			name = WeekDaysView;
			sourceTree = "<group>";
		};
		6C5F44621E7F0F6A000FEA05 /* Shared */ = {
			isa = PBXGroup;
			children = (
				6C5F445B1E7F0328000FEA05 /* LabeledCell.swift */,
			);
			name = Shared;
			sourceTree = "<group>";
		};
		6C5F44651E7F1269000FEA05 /* Extension */ = {
			isa = PBXGroup;
			children = (
				6C5F446B1E7F15D5000FEA05 /* UIViewExtensions.swift */,
				6CD4B9951E7FF216003B234C /* CalendarExtensions.swift */,
			);
			name = Extension;
			sourceTree = "<group>";
		};
		6C5F44731E7F1E37000FEA05 /* Protocols */ = {
			isa = PBXGroup;
			children = (
				6C5F44691E7F1312000FEA05 /* DaysViewDataSource.swift */,
				6C5F44671E7F12F3000FEA05 /* DaysViewDelegate.swift */,
			);
			name = Protocols;
			sourceTree = "<group>";
		};
		6C5F44741E7F1E3D000FEA05 /* Protocols */ = {
			isa = PBXGroup;
			children = (
				6C5F446F1E7F1DC0000FEA05 /* WeekDaysViewDataSource.swift */,
				6C5F44701E7F1DC0000FEA05 /* WeekDaysViewDelegate .swift */,
			);
			name = Protocols;
			sourceTree = "<group>";
		};
		6C5F44751E7F1E44000FEA05 /* WeekDayCell */ = {
			isa = PBXGroup;
			children = (
				6C5F44761E7F1E55000FEA05 /* WeekDayCell.swift */,
			);
			name = WeekDayCell;
			sourceTree = "<group>";
		};
		6C6934361E7EFF4A00CB58E4 /* Views */ = {
			isa = PBXGroup;
			children = (
				6C5F44621E7F0F6A000FEA05 /* Shared */,
				6C5F44601E7F0F32000FEA05 /* DaysView */,
				6C5F44611E7F0F39000FEA05 /* WeekDaysView */,
			);
			name = Views;
			sourceTree = "<group>";
		};
		6CF15A501E7EEDB500C520E1 = {
			isa = PBXGroup;
			children = (
				6CD4B9971E80223F003B234C /* Flow.swift */,
				6CF15A891E7EF05700C520E1 /* CalendarSwift.playground */,
				6CF15A5C1E7EEDB500C520E1 /* CalendarSwift */,
				6C6934391E7EFF9200CB58E4 /* CalendarViewController.swift */,
				6C69343B1E7EFFD600CB58E4 /* CalendarViewController.storyboard */,
				6CF15A751E7EF02200C520E1 /* Calendar iOS */,
				6CF15A5B1E7EEDB500C520E1 /* Products */,
			);
			sourceTree = "<group>";
		};
		6CF15A5B1E7EEDB500C520E1 /* Products */ = {
			isa = PBXGroup;
			children = (
				6CF15A5A1E7EEDB500C520E1 /* CalendarSwift.framework */,
				6CF15A741E7EF02200C520E1 /* Calendar iOS.app */,
			);
			name = Products;
			sourceTree = "<group>";
		};
		6CF15A5C1E7EEDB500C520E1 /* CalendarSwift */ = {
			isa = PBXGroup;
			children = (
				6C5F44651E7F1269000FEA05 /* Extension */,
				6CF15A651E7EEDBA00C520E1 /* Domain */,
				6CF15A691E7EEE1400C520E1 /* Models */,
				6C6934361E7EFF4A00CB58E4 /* Views */,
			);
			path = CalendarSwift;
			sourceTree = "<group>";
		};
		6CF15A651E7EEDBA00C520E1 /* Domain */ = {
			isa = PBXGroup;
			children = (
				6CF15A5D1E7EEDB500C520E1 /* CalendarSwift.h */,
				6CF15A5E1E7EEDB500C520E1 /* Info.plist */,
			);
			name = Domain;
			sourceTree = "<group>";
		};
		6CF15A691E7EEE1400C520E1 /* Models */ = {
			isa = PBXGroup;
			children = (
				6CF15A671E7EEE0C00C520E1 /* Cal.swift */,
				6CF15A6A1E7EEEF500C520E1 /* Month.swift */,
				6CF15A6C1E7EEF2D00C520E1 /* Week.swift */,
				6CF15A6E1E7EEFB700C520E1 /* Day.swift */,
			);
			name = Models;
			sourceTree = "<group>";
		};
		6CF15A751E7EF02200C520E1 /* Calendar iOS */ = {
			isa = PBXGroup;
			children = (
				6CF15A761E7EF02200C520E1 /* AppDelegate.swift */,
				6CF15A7A1E7EF02200C520E1 /* Main.storyboard */,
				6CF15A7D1E7EF02200C520E1 /* Assets.xcassets */,
				6CF15A7F1E7EF02200C520E1 /* LaunchScreen.storyboard */,
				6CF15A821E7EF02200C520E1 /* Info.plist */,
			);
			path = "Calendar iOS";
			sourceTree = "<group>";
		};
/* End PBXGroup section */

/* Begin PBXHeadersBuildPhase section */
		6CF15A571E7EEDB500C520E1 /* Headers */ = {
			isa = PBXHeadersBuildPhase;
			buildActionMask = 2147483647;
			files = (
				6CF15A5F1E7EEDB500C520E1 /* CalendarSwift.h in Headers */,
			);
			runOnlyForDeploymentPostprocessing = 0;
		};
/* End PBXHeadersBuildPhase section */

/* Begin PBXNativeTarget section */
		6CF15A591E7EEDB500C520E1 /* CalendarSwift */ = {
			isa = PBXNativeTarget;
			buildConfigurationList = 6CF15A621E7EEDB500C520E1 /* Build configuration list for PBXNativeTarget "CalendarSwift" */;
			buildPhases = (
				6CF15A551E7EEDB500C520E1 /* Sources */,
				6CF15A561E7EEDB500C520E1 /* Frameworks */,
				6CF15A571E7EEDB500C520E1 /* Headers */,
				6CF15A581E7EEDB500C520E1 /* Resources */,
			);
			buildRules = (
			);
			dependencies = (
			);
			name = CalendarSwift;
			productName = CalendarSwift;
			productReference = 6CF15A5A1E7EEDB500C520E1 /* CalendarSwift.framework */;
			productType = "com.apple.product-type.framework";
		};
		6CF15A731E7EF02200C520E1 /* Calendar iOS */ = {
			isa = PBXNativeTarget;
			buildConfigurationList = 6CF15A831E7EF02200C520E1 /* Build configuration list for PBXNativeTarget "Calendar iOS" */;
			buildPhases = (
				6CF15A701E7EF02200C520E1 /* Sources */,
				6CF15A711E7EF02200C520E1 /* Frameworks */,
				6CF15A721E7EF02200C520E1 /* Resources */,
			);
			buildRules = (
			);
			dependencies = (
				6CF15A871E7EF02C00C520E1 /* PBXTargetDependency */,
			);
			name = "Calendar iOS";
			productName = "Calendar iOS";
			productReference = 6CF15A741E7EF02200C520E1 /* Calendar iOS.app */;
			productType = "com.apple.product-type.application";
		};
/* End PBXNativeTarget section */

/* Begin PBXProject section */
		6CF15A511E7EEDB500C520E1 /* Project object */ = {
			isa = PBXProject;
			attributes = {
				LastSwiftUpdateCheck = 0820;
				LastUpgradeCheck = 0820;
				ORGANIZATIONNAME = "Jose Maria Puerta";
				TargetAttributes = {
					6CF15A591E7EEDB500C520E1 = {
						CreatedOnToolsVersion = 8.2.1;
						DevelopmentTeam = L8YSUA92XX;
						LastSwiftMigration = 0820;
						ProvisioningStyle = Automatic;
					};
					6CF15A731E7EF02200C520E1 = {
						CreatedOnToolsVersion = 8.2.1;
						DevelopmentTeam = L8YSUA92XX;
						ProvisioningStyle = Automatic;
					};
				};
			};
			buildConfigurationList = 6CF15A541E7EEDB500C520E1 /* Build configuration list for PBXProject "CalendarSwift" */;
			compatibilityVersion = "Xcode 3.2";
			developmentRegion = English;
			hasScannedForEncodings = 0;
			knownRegions = (
				en,
				Base,
			);
			mainGroup = 6CF15A501E7EEDB500C520E1;
			productRefGroup = 6CF15A5B1E7EEDB500C520E1 /* Products */;
			projectDirPath = "";
			projectRoot = "";
			targets = (
				6CF15A591E7EEDB500C520E1 /* CalendarSwift */,
				6CF15A731E7EF02200C520E1 /* Calendar iOS */,
			);
		};
/* End PBXProject section */

/* Begin PBXResourcesBuildPhase section */
		6CF15A581E7EEDB500C520E1 /* Resources */ = {
			isa = PBXResourcesBuildPhase;
			buildActionMask = 2147483647;
			files = (
				6C69343C1E7EFFD600CB58E4 /* CalendarViewController.storyboard in Resources */,
			);
			runOnlyForDeploymentPostprocessing = 0;
		};
		6CF15A721E7EF02200C520E1 /* Resources */ = {
			isa = PBXResourcesBuildPhase;
			buildActionMask = 2147483647;
			files = (
				6CF15A811E7EF02200C520E1 /* LaunchScreen.storyboard in Resources */,
				6CF15A7E1E7EF02200C520E1 /* Assets.xcassets in Resources */,
				6CF15A7C1E7EF02200C520E1 /* Main.storyboard in Resources */,
			);
			runOnlyForDeploymentPostprocessing = 0;
		};
/* End PBXResourcesBuildPhase section */

/* Begin PBXSourcesBuildPhase section */
		6CF15A551E7EEDB500C520E1 /* Sources */ = {
			isa = PBXSourcesBuildPhase;
			buildActionMask = 2147483647;
			files = (
				6C5F44711E7F1DC0000FEA05 /* WeekDaysViewDataSource.swift in Sources */,
				6CD4B9981E80223F003B234C /* Flow.swift in Sources */,
				6C5F446A1E7F1312000FEA05 /* DaysViewDataSource.swift in Sources */,
				6C6934351E7EFF3200CB58E4 /* DaysView.swift in Sources */,
				6C5F44641E7F0F9C000FEA05 /* DayCell.swift in Sources */,
				6CF15A6B1E7EEEF500C520E1 /* Month.swift in Sources */,
				6CF15A681E7EEE0C00C520E1 /* Cal.swift in Sources */,
				6CF15A6F1E7EEFB700C520E1 /* Day.swift in Sources */,
				6CF15A6D1E7EEF2D00C520E1 /* Week.swift in Sources */,
				6C5F44771E7F1E55000FEA05 /* WeekDayCell.swift in Sources */,
				6C69343A1E7EFF9200CB58E4 /* CalendarViewController.swift in Sources */,
				6C5F445C1E7F0328000FEA05 /* LabeledCell.swift in Sources */,
				6C5F44681E7F12F3000FEA05 /* DaysViewDelegate.swift in Sources */,
				6C5F44721E7F1DC0000FEA05 /* WeekDaysViewDelegate .swift in Sources */,
				6CD4B9961E7FF216003B234C /* CalendarExtensions.swift in Sources */,
				6C5F446C1E7F15D5000FEA05 /* UIViewExtensions.swift in Sources */,
				6C6934381E7EFF7C00CB58E4 /* WeekDaysView.swift in Sources */,
			);
			runOnlyForDeploymentPostprocessing = 0;
		};
		6CF15A701E7EF02200C520E1 /* Sources */ = {
			isa = PBXSourcesBuildPhase;
			buildActionMask = 2147483647;
			files = (
				6CF15A771E7EF02200C520E1 /* AppDelegate.swift in Sources */,
			);
			runOnlyForDeploymentPostprocessing = 0;
		};
/* End PBXSourcesBuildPhase section */

/* Begin PBXTargetDependency section */
		6CF15A871E7EF02C00C520E1 /* PBXTargetDependency */ = {
			isa = PBXTargetDependency;
			target = 6CF15A591E7EEDB500C520E1 /* CalendarSwift */;
			targetProxy = 6CF15A861E7EF02C00C520E1 /* PBXContainerItemProxy */;
		};
/* End PBXTargetDependency section */

/* Begin PBXVariantGroup section */
		6CF15A7A1E7EF02200C520E1 /* Main.storyboard */ = {
			isa = PBXVariantGroup;
			children = (
				6CF15A7B1E7EF02200C520E1 /* Base */,
			);
			name = Main.storyboard;
			sourceTree = "<group>";
		};
		6CF15A7F1E7EF02200C520E1 /* LaunchScreen.storyboard */ = {
			isa = PBXVariantGroup;
			children = (
				6CF15A801E7EF02200C520E1 /* Base */,
			);
			name = LaunchScreen.storyboard;
			sourceTree = "<group>";
		};
/* End PBXVariantGroup section */

/* Begin XCBuildConfiguration section */
		6CF15A601E7EEDB500C520E1 /* Debug */ = {
			isa = XCBuildConfiguration;
			buildSettings = {
				ALWAYS_SEARCH_USER_PATHS = NO;
				CLANG_ANALYZER_NONNULL = YES;
				CLANG_CXX_LANGUAGE_STANDARD = "gnu++0x";
				CLANG_CXX_LIBRARY = "libc++";
				CLANG_ENABLE_MODULES = YES;
				CLANG_ENABLE_OBJC_ARC = YES;
				CLANG_WARN_BOOL_CONVERSION = YES;
				CLANG_WARN_CONSTANT_CONVERSION = YES;
				CLANG_WARN_DIRECT_OBJC_ISA_USAGE = YES_ERROR;
				CLANG_WARN_DOCUMENTATION_COMMENTS = YES;
				CLANG_WARN_EMPTY_BODY = YES;
				CLANG_WARN_ENUM_CONVERSION = YES;
				CLANG_WARN_INFINITE_RECURSION = YES;
				CLANG_WARN_INT_CONVERSION = YES;
				CLANG_WARN_OBJC_ROOT_CLASS = YES_ERROR;
				CLANG_WARN_SUSPICIOUS_MOVE = YES;
				CLANG_WARN_UNREACHABLE_CODE = YES;
				CLANG_WARN__DUPLICATE_METHOD_MATCH = YES;
				"CODE_SIGN_IDENTITY[sdk=iphoneos*]" = "iPhone Developer";
				COPY_PHASE_STRIP = NO;
				CURRENT_PROJECT_VERSION = 1;
				DEBUG_INFORMATION_FORMAT = dwarf;
				ENABLE_STRICT_OBJC_MSGSEND = YES;
				ENABLE_TESTABILITY = YES;
				GCC_C_LANGUAGE_STANDARD = gnu99;
				GCC_DYNAMIC_NO_PIC = NO;
				GCC_NO_COMMON_BLOCKS = YES;
				GCC_OPTIMIZATION_LEVEL = 0;
				GCC_PREPROCESSOR_DEFINITIONS = (
					"DEBUG=1",
					"$(inherited)",
				);
				GCC_WARN_64_TO_32_BIT_CONVERSION = YES;
				GCC_WARN_ABOUT_RETURN_TYPE = YES_ERROR;
				GCC_WARN_UNDECLARED_SELECTOR = YES;
				GCC_WARN_UNINITIALIZED_AUTOS = YES_AGGRESSIVE;
				GCC_WARN_UNUSED_FUNCTION = YES;
				GCC_WARN_UNUSED_VARIABLE = YES;
				IPHONEOS_DEPLOYMENT_TARGET = 10.2;
				MTL_ENABLE_DEBUG_INFO = YES;
				ONLY_ACTIVE_ARCH = YES;
				SDKROOT = iphoneos;
				SWIFT_ACTIVE_COMPILATION_CONDITIONS = DEBUG;
				SWIFT_OPTIMIZATION_LEVEL = "-Onone";
				TARGETED_DEVICE_FAMILY = "1,2";
				VERSIONING_SYSTEM = "apple-generic";
				VERSION_INFO_PREFIX = "";
			};
			name = Debug;
		};
		6CF15A611E7EEDB500C520E1 /* Release */ = {
			isa = XCBuildConfiguration;
			buildSettings = {
				ALWAYS_SEARCH_USER_PATHS = NO;
				CLANG_ANALYZER_NONNULL = YES;
				CLANG_CXX_LANGUAGE_STANDARD = "gnu++0x";
				CLANG_CXX_LIBRARY = "libc++";
				CLANG_ENABLE_MODULES = YES;
				CLANG_ENABLE_OBJC_ARC = YES;
				CLANG_WARN_BOOL_CONVERSION = YES;
				CLANG_WARN_CONSTANT_CONVERSION = YES;
				CLANG_WARN_DIRECT_OBJC_ISA_USAGE = YES_ERROR;
				CLANG_WARN_DOCUMENTATION_COMMENTS = YES;
				CLANG_WARN_EMPTY_BODY = YES;
				CLANG_WARN_ENUM_CONVERSION = YES;
				CLANG_WARN_INFINITE_RECURSION = YES;
				CLANG_WARN_INT_CONVERSION = YES;
				CLANG_WARN_OBJC_ROOT_CLASS = YES_ERROR;
				CLANG_WARN_SUSPICIOUS_MOVE = YES;
				CLANG_WARN_UNREACHABLE_CODE = YES;
				CLANG_WARN__DUPLICATE_METHOD_MATCH = YES;
				"CODE_SIGN_IDENTITY[sdk=iphoneos*]" = "iPhone Developer";
				COPY_PHASE_STRIP = NO;
				CURRENT_PROJECT_VERSION = 1;
				DEBUG_INFORMATION_FORMAT = "dwarf-with-dsym";
				ENABLE_NS_ASSERTIONS = NO;
				ENABLE_STRICT_OBJC_MSGSEND = YES;
				GCC_C_LANGUAGE_STANDARD = gnu99;
				GCC_NO_COMMON_BLOCKS = YES;
				GCC_WARN_64_TO_32_BIT_CONVERSION = YES;
				GCC_WARN_ABOUT_RETURN_TYPE = YES_ERROR;
				GCC_WARN_UNDECLARED_SELECTOR = YES;
				GCC_WARN_UNINITIALIZED_AUTOS = YES_AGGRESSIVE;
				GCC_WARN_UNUSED_FUNCTION = YES;
				GCC_WARN_UNUSED_VARIABLE = YES;
				IPHONEOS_DEPLOYMENT_TARGET = 10.2;
				MTL_ENABLE_DEBUG_INFO = NO;
				SDKROOT = iphoneos;
				SWIFT_OPTIMIZATION_LEVEL = "-Owholemodule";
				TARGETED_DEVICE_FAMILY = "1,2";
				VALIDATE_PRODUCT = YES;
				VERSIONING_SYSTEM = "apple-generic";
				VERSION_INFO_PREFIX = "";
			};
			name = Release;
		};
		6CF15A631E7EEDB500C520E1 /* Debug */ = {
			isa = XCBuildConfiguration;
			buildSettings = {
				CLANG_ENABLE_MODULES = YES;
				CODE_SIGN_IDENTITY = "";
				DEFINES_MODULE = YES;
				DEVELOPMENT_TEAM = L8YSUA92XX;
				DYLIB_COMPATIBILITY_VERSION = 1;
				DYLIB_CURRENT_VERSION = 1;
				DYLIB_INSTALL_NAME_BASE = "@rpath";
				INFOPLIST_FILE = CalendarSwift/Info.plist;
				INSTALL_PATH = "$(LOCAL_LIBRARY_DIR)/Frameworks";
				LD_RUNPATH_SEARCH_PATHS = "$(inherited) @executable_path/Frameworks @loader_path/Frameworks";
				PRODUCT_BUNDLE_IDENTIFIER = self.jmpg93.CalendarSwift;
				PRODUCT_NAME = "$(TARGET_NAME)";
				SKIP_INSTALL = YES;
				SWIFT_OPTIMIZATION_LEVEL = "-Onone";
				SWIFT_VERSION = 3.0;
			};
			name = Debug;
		};
		6CF15A641E7EEDB500C520E1 /* Release */ = {
			isa = XCBuildConfiguration;
			buildSettings = {
				CLANG_ENABLE_MODULES = YES;
				CODE_SIGN_IDENTITY = "";
				DEFINES_MODULE = YES;
				DEVELOPMENT_TEAM = L8YSUA92XX;
				DYLIB_COMPATIBILITY_VERSION = 1;
				DYLIB_CURRENT_VERSION = 1;
				DYLIB_INSTALL_NAME_BASE = "@rpath";
				INFOPLIST_FILE = CalendarSwift/Info.plist;
				INSTALL_PATH = "$(LOCAL_LIBRARY_DIR)/Frameworks";
				LD_RUNPATH_SEARCH_PATHS = "$(inherited) @executable_path/Frameworks @loader_path/Frameworks";
				PRODUCT_BUNDLE_IDENTIFIER = self.jmpg93.CalendarSwift;
				PRODUCT_NAME = "$(TARGET_NAME)";
				SKIP_INSTALL = YES;
				SWIFT_VERSION = 3.0;
			};
			name = Release;
		};
		6CF15A841E7EF02200C520E1 /* Debug */ = {
			isa = XCBuildConfiguration;
			buildSettings = {
				ASSETCATALOG_COMPILER_APPICON_NAME = AppIcon;
				DEVELOPMENT_TEAM = L8YSUA92XX;
				INFOPLIST_FILE = "Calendar iOS/Info.plist";
				LD_RUNPATH_SEARCH_PATHS = "$(inherited) @executable_path/Frameworks";
				PRODUCT_BUNDLE_IDENTIFIER = "self.jmpg93.Calendar-iOS";
				PRODUCT_NAME = "$(TARGET_NAME)";
				SWIFT_VERSION = 3.0;
			};
			name = Debug;
		};
		6CF15A851E7EF02200C520E1 /* Release */ = {
			isa = XCBuildConfiguration;
			buildSettings = {
				ASSETCATALOG_COMPILER_APPICON_NAME = AppIcon;
				DEVELOPMENT_TEAM = L8YSUA92XX;
				INFOPLIST_FILE = "Calendar iOS/Info.plist";
				LD_RUNPATH_SEARCH_PATHS = "$(inherited) @executable_path/Frameworks";
				PRODUCT_BUNDLE_IDENTIFIER = "self.jmpg93.Calendar-iOS";
				PRODUCT_NAME = "$(TARGET_NAME)";
				SWIFT_VERSION = 3.0;
			};
			name = Release;
		};
/* End XCBuildConfiguration section */

/* Begin XCConfigurationList section */
		6CF15A541E7EEDB500C520E1 /* Build configuration list for PBXProject "CalendarSwift" */ = {
			isa = XCConfigurationList;
			buildConfigurations = (
				6CF15A601E7EEDB500C520E1 /* Debug */,
				6CF15A611E7EEDB500C520E1 /* Release */,
			);
			defaultConfigurationIsVisible = 0;
			defaultConfigurationName = Release;
		};
		6CF15A621E7EEDB500C520E1 /* Build configuration list for PBXNativeTarget "CalendarSwift" */ = {
			isa = XCConfigurationList;
			buildConfigurations = (
				6CF15A631E7EEDB500C520E1 /* Debug */,
				6CF15A641E7EEDB500C520E1 /* Release */,
			);
			defaultConfigurationIsVisible = 0;
			defaultConfigurationName = Release;
		};
		6CF15A831E7EF02200C520E1 /* Build configuration list for PBXNativeTarget "Calendar iOS" */ = {
			isa = XCConfigurationList;
			buildConfigurations = (
				6CF15A841E7EF02200C520E1 /* Debug */,
				6CF15A851E7EF02200C520E1 /* Release */,
			);
			defaultConfigurationIsVisible = 0;
			defaultConfigurationName = Release;
		};
/* End XCConfigurationList section */
	};
	rootObject = 6CF15A511E7EEDB500C520E1 /* Project object */;
}
